
Microsoft Visual Studio Solution File, Format Version 12.00
# Visual Studio Version 17
VisualStudioVersion = 17.5.33516.290
MinimumVisualStudioVersion = 10.0.40219.1
Project("{FAE04EC0-301F-11D3-BF4B-00C04F79EFBC}") = "SMDb", "SMDb.csproj", "{615AE8A9-44E1-485B-B87E-A6BAFBC53276}"
EndProject
Project("{FAE04EC0-301F-11D3-BF4B-00C04F79EFBC}") = "SMDb.Domain", "..\SMDb.Domain\SMDb.Domain.csproj", "{8E08DE56-153F-4009-AE61-95241F36FF60}"
EndProject
Project("{FAE04EC0-301F-11D3-BF4B-00C04F79EFBC}") = "SMDb.Application", "..\SMDb.Application\SMDb.Application.csproj", "{1AE3180A-BC72-4CB4-B674-56B31492BE42}"
EndProject
Project("{FAE04EC0-301F-11D3-BF4B-00C04F79EFBC}") = "SMDb.Infrastructure", "..\SMDb.Infrastructure\SMDb.Infrastructure.csproj", "{12FA9D22-43B8-45C8-A419-7C273BDFD533}"
EndProject
Project("{9A19103F-16F7-4668-BE54-9A1E7A4F7556}") = "SMDb.Infrastructure.Tests", "..\SMDb.Infrastructure.Tests\SMDb.Infrastructure.Tests.csproj", "{B7C5DAA4-F685-4B83-976B-2A0C50EFF3D8}"
EndProject
Global
	GlobalSection(SolutionConfigurationPlatforms) = preSolution
		Debug|Any CPU = Debug|Any CPU
		Release|Any CPU = Release|Any CPU
	EndGlobalSection
	GlobalSection(ProjectConfigurationPlatforms) = postSolution
		{615AE8A9-44E1-485B-B87E-A6BAFBC53276}.Debug|Any CPU.ActiveCfg = Debug|Any CPU
		{615AE8A9-44E1-485B-B87E-A6BAFBC53276}.Debug|Any CPU.Build.0 = Debug|Any CPU
		{615AE8A9-44E1-485B-B87E-A6BAFBC53276}.Release|Any CPU.ActiveCfg = Release|Any CPU
		{615AE8A9-44E1-485B-B87E-A6BAFBC53276}.Release|Any CPU.Build.0 = Release|Any CPU
		{8E08DE56-153F-4009-AE61-95241F36FF60}.Debug|Any CPU.ActiveCfg = Debug|Any CPU
		{8E08DE56-153F-4009-AE61-95241F36FF60}.Debug|Any CPU.Build.0 = Debug|Any CPU
		{8E08DE56-153F-4009-AE61-95241F36FF60}.Release|Any CPU.ActiveCfg = Release|Any CPU
		{8E08DE56-153F-4009-AE61-95241F36FF60}.Release|Any CPU.Build.0 = Release|Any CPU
		{1AE3180A-BC72-4CB4-B674-56B31492BE42}.Debug|Any CPU.ActiveCfg = Debug|Any CPU
		{1AE3180A-BC72-4CB4-B674-56B31492BE42}.Debug|Any CPU.Build.0 = Debug|Any CPU
		{1AE3180A-BC72-4CB4-B674-56B31492BE42}.Release|Any CPU.ActiveCfg = Release|Any CPU
		{1AE3180A-BC72-4CB4-B674-56B31492BE42}.Release|Any CPU.Build.0 = Release|Any CPU
		{12FA9D22-43B8-45C8-A419-7C273BDFD533}.Debug|Any CPU.ActiveCfg = Debug|Any CPU
		{12FA9D22-43B8-45C8-A419-7C273BDFD533}.Debug|Any CPU.Build.0 = Debug|Any CPU
		{12FA9D22-43B8-45C8-A419-7C273BDFD533}.Release|Any CPU.ActiveCfg = Release|Any CPU
		{12FA9D22-43B8-45C8-A419-7C273BDFD533}.Release|Any CPU.Build.0 = Release|Any CPU
		{B7C5DAA4-F685-4B83-976B-2A0C50EFF3D8}.Debug|Any CPU.ActiveCfg = Debug|Any CPU
		{B7C5DAA4-F685-4B83-976B-2A0C50EFF3D8}.Debug|Any CPU.Build.0 = Debug|Any CPU
		{B7C5DAA4-F685-4B83-976B-2A0C50EFF3D8}.Release|Any CPU.ActiveCfg = Release|Any CPU
		{B7C5DAA4-F685-4B83-976B-2A0C50EFF3D8}.Release|Any CPU.Build.0 = Release|Any CPU
	EndGlobalSection
	GlobalSection(SolutionProperties) = preSolution
		HideSolutionNode = FALSE
	EndGlobalSection
	GlobalSection(ExtensibilityGlobals) = postSolution
		SolutionGuid = {1AD3D2B8-9DFC-4052-AF28-CF401168947B}
	EndGlobalSection
EndGlobal
